
Microsoft Visual Studio Solution File, Format Version 12.00
# Visual Studio Version 16
VisualStudioVersion = 16.0.31424.327
MinimumVisualStudioVersion = 10.0.40219.1
Project("{FAE04EC0-301F-11D3-BF4B-00C04F79EFBC}") = "CaracteresLimitados", "CaracteresLimitados\CaracteresLimitados.csproj", "{B567CCC4-FE51-4A4F-8317-F873D4226A48}"
EndProject
Global
	GlobalSection(SolutionConfigurationPlatforms) = preSolution
		Debug|Any CPU = Debug|Any CPU
		Release|Any CPU = Release|Any CPU
	EndGlobalSection
	GlobalSection(ProjectConfigurationPlatforms) = postSolution
		{B567CCC4-FE51-4A4F-8317-F873D4226A48}.Debug|Any CPU.ActiveCfg = Debug|Any CPU
		{B567CCC4-FE51-4A4F-8317-F873D4226A48}.Debug|Any CPU.Build.0 = Debug|Any CPU
		{B567CCC4-FE51-4A4F-8317-F873D4226A48}.Release|Any CPU.ActiveCfg = Release|Any CPU
		{B567CCC4-FE51-4A4F-8317-F873D4226A48}.Release|Any CPU.Build.0 = Release|Any CPU
	EndGlobalSection
	GlobalSection(SolutionProperties) = preSolution
		HideSolutionNode = FALSE
	EndGlobalSection
	GlobalSection(ExtensibilityGlobals) = postSolution
		SolutionGuid = {60FAB88C-9A38-417C-BFB6-D5EE79A1A824}
	EndGlobalSection
EndGlobal
